
Microsoft Visual Studio Solution File, Format Version 12.00
# Visual Studio Version 17
VisualStudioVersion = 17.4.33213.308
MinimumVisualStudioVersion = 10.0.40219.1
Project("{FAE04EC0-301F-11D3-BF4B-00C04F79EFBC}") = "ResponsiveMenuWithTemplate.Server", "Server\ResponsiveMenuWithTemplate.Server.csproj", "{30710B77-D60D-4B63-83A2-B161907DB9B3}"
EndProject
Project("{FAE04EC0-301F-11D3-BF4B-00C04F79EFBC}") = "ResponsiveMenuWithTemplate.Client", "Client\ResponsiveMenuWithTemplate.Client.csproj", "{4E859A17-B507-40A2-AB30-7EC4CC218967}"
EndProject
Project("{FAE04EC0-301F-11D3-BF4B-00C04F79EFBC}") = "ResponsiveMenuWithTemplate.Shared", "Shared\ResponsiveMenuWithTemplate.Shared.csproj", "{26357144-B548-468E-AAE4-2B2B3C00603C}"
EndProject
Global
	GlobalSection(SolutionConfigurationPlatforms) = preSolution
		Debug|Any CPU = Debug|Any CPU
		Release|Any CPU = Release|Any CPU
	EndGlobalSection
	GlobalSection(ProjectConfigurationPlatforms) = postSolution
		{30710B77-D60D-4B63-83A2-B161907DB9B3}.Debug|Any CPU.ActiveCfg = Debug|Any CPU
		{30710B77-D60D-4B63-83A2-B161907DB9B3}.Debug|Any CPU.Build.0 = Debug|Any CPU
		{30710B77-D60D-4B63-83A2-B161907DB9B3}.Release|Any CPU.ActiveCfg = Release|Any CPU
		{30710B77-D60D-4B63-83A2-B161907DB9B3}.Release|Any CPU.Build.0 = Release|Any CPU
		{4E859A17-B507-40A2-AB30-7EC4CC218967}.Debug|Any CPU.ActiveCfg = Debug|Any CPU
		{4E859A17-B507-40A2-AB30-7EC4CC218967}.Debug|Any CPU.Build.0 = Debug|Any CPU
		{4E859A17-B507-40A2-AB30-7EC4CC218967}.Release|Any CPU.ActiveCfg = Release|Any CPU
		{4E859A17-B507-40A2-AB30-7EC4CC218967}.Release|Any CPU.Build.0 = Release|Any CPU
		{26357144-B548-468E-AAE4-2B2B3C00603C}.Debug|Any CPU.ActiveCfg = Debug|Any CPU
		{26357144-B548-468E-AAE4-2B2B3C00603C}.Debug|Any CPU.Build.0 = Debug|Any CPU
		{26357144-B548-468E-AAE4-2B2B3C00603C}.Release|Any CPU.ActiveCfg = Release|Any CPU
		{26357144-B548-468E-AAE4-2B2B3C00603C}.Release|Any CPU.Build.0 = Release|Any CPU
	EndGlobalSection
	GlobalSection(SolutionProperties) = preSolution
		HideSolutionNode = FALSE
	EndGlobalSection
	GlobalSection(ExtensibilityGlobals) = postSolution
		SolutionGuid = {C797560B-9437-4B12-B154-A70B2B4F3CDD}
	EndGlobalSection
EndGlobal
